// !$*UTF8*$!
{
	archiveVersion = 1;
	classes = {
	};
	objectVersion = 50;
	objects = {

/* Begin PBXBuildFile section */
		7B4BFEDE225C439900AE0C38 /* AppDelegate.swift in Sources */ = {isa = PBXBuildFile; fileRef = 7B4BFEDD225C439900AE0C38 /* AppDelegate.swift */; };
		7B4BFEE0225C439900AE0C38 /* TodoListViewController.swift in Sources */ = {isa = PBXBuildFile; fileRef = 7B4BFEDF225C439900AE0C38 /* TodoListViewController.swift */; };
		7B4BFEE3225C439900AE0C38 /* Main.storyboard in Resources */ = {isa = PBXBuildFile; fileRef = 7B4BFEE1225C439900AE0C38 /* Main.storyboard */; };
		7B4BFEE5225C439C00AE0C38 /* Assets.xcassets in Resources */ = {isa = PBXBuildFile; fileRef = 7B4BFEE4225C439C00AE0C38 /* Assets.xcassets */; };
		7B4BFEE8225C439C00AE0C38 /* LaunchScreen.storyboard in Resources */ = {isa = PBXBuildFile; fileRef = 7B4BFEE6225C439C00AE0C38 /* LaunchScreen.storyboard */; };
		7BB079D32266CDF600D055AF /* DataModel.xcdatamodeld in Sources */ = {isa = PBXBuildFile; fileRef = 7BB079D12266CDF500D055AF /* DataModel.xcdatamodeld */; };
		7BB4232222762E1E00229C64 /* CategoryViewController.swift in Sources */ = {isa = PBXBuildFile; fileRef = 7BB4232122762E1E00229C64 /* CategoryViewController.swift */; };
/* End PBXBuildFile section */

/* Begin PBXFileReference section */
		7B4BFEDA225C439900AE0C38 /* Todoey.app */ = {isa = PBXFileReference; explicitFileType = wrapper.application; includeInIndex = 0; path = Todoey.app; sourceTree = BUILT_PRODUCTS_DIR; };
		7B4BFEDD225C439900AE0C38 /* AppDelegate.swift */ = {isa = PBXFileReference; lastKnownFileType = sourcecode.swift; path = AppDelegate.swift; sourceTree = "<group>"; };
		7B4BFEDF225C439900AE0C38 /* TodoListViewController.swift */ = {isa = PBXFileReference; lastKnownFileType = sourcecode.swift; path = TodoListViewController.swift; sourceTree = "<group>"; };
		7B4BFEE2225C439900AE0C38 /* Base */ = {isa = PBXFileReference; lastKnownFileType = file.storyboard; name = Base; path = Base.lproj/Main.storyboard; sourceTree = "<group>"; };
		7B4BFEE4225C439C00AE0C38 /* Assets.xcassets */ = {isa = PBXFileReference; lastKnownFileType = folder.assetcatalog; path = Assets.xcassets; sourceTree = "<group>"; };
		7B4BFEE7225C439C00AE0C38 /* Base */ = {isa = PBXFileReference; lastKnownFileType = file.storyboard; name = Base; path = Base.lproj/LaunchScreen.storyboard; sourceTree = "<group>"; };
		7B4BFEE9225C439C00AE0C38 /* Info.plist */ = {isa = PBXFileReference; lastKnownFileType = text.plist.xml; path = Info.plist; sourceTree = "<group>"; };
		7BB079D22266CDF600D055AF /* DataModel.xcdatamodel */ = {isa = PBXFileReference; lastKnownFileType = wrapper.xcdatamodel; path = DataModel.xcdatamodel; sourceTree = "<group>"; };
		7BB4232122762E1E00229C64 /* CategoryViewController.swift */ = {isa = PBXFileReference; lastKnownFileType = sourcecode.swift; path = CategoryViewController.swift; sourceTree = "<group>"; };
/* End PBXFileReference section */

/* Begin PBXFrameworksBuildPhase section */
		7B4BFED7225C439900AE0C38 /* Frameworks */ = {
			isa = PBXFrameworksBuildPhase;
			buildActionMask = 2147483647;
			files = (
			);
			runOnlyForDeploymentPostprocessing = 0;
		};
/* End PBXFrameworksBuildPhase section */

/* Begin PBXGroup section */
		7B2CD30F22627E31008B15AF /* Data Model */ = {
			isa = PBXGroup;
			children = (
				7BB079D12266CDF500D055AF /* DataModel.xcdatamodeld */,
			);
			path = "Data Model";
			sourceTree = "<group>";
		};
		7B2CD31022627E53008B15AF /* Controller */ = {
			isa = PBXGroup;
			children = (
				7BB4232122762E1E00229C64 /* CategoryViewController.swift */,
				7B4BFEDF225C439900AE0C38 /* TodoListViewController.swift */,
			);
			path = Controller;
			sourceTree = "<group>";
		};
		7B2CD31122627E66008B15AF /* Views */ = {
			isa = PBXGroup;
			children = (
				7B4BFEE1225C439900AE0C38 /* Main.storyboard */,
			);
			path = Views;
			sourceTree = "<group>";
		};
		7B2CD31222627E88008B15AF /* Supporting Files */ = {
			isa = PBXGroup;
			children = (
				7B4BFEE4225C439C00AE0C38 /* Assets.xcassets */,
				7B4BFEE6225C439C00AE0C38 /* LaunchScreen.storyboard */,
			);
			path = "Supporting Files";
			sourceTree = "<group>";
		};
		7B4BFED1225C439900AE0C38 = {
			isa = PBXGroup;
			children = (
				7B4BFEDC225C439900AE0C38 /* Todoey */,
				7B4BFEDB225C439900AE0C38 /* Products */,
			);
			sourceTree = "<group>";
		};
		7B4BFEDB225C439900AE0C38 /* Products */ = {
			isa = PBXGroup;
			children = (
				7B4BFEDA225C439900AE0C38 /* Todoey.app */,
			);
			name = Products;
			sourceTree = "<group>";
		};
		7B4BFEDC225C439900AE0C38 /* Todoey */ = {
			isa = PBXGroup;
			children = (
				7B4BFEDD225C439900AE0C38 /* AppDelegate.swift */,
				7B2CD31022627E53008B15AF /* Controller */,
				7B2CD30F22627E31008B15AF /* Data Model */,
				7B2CD31122627E66008B15AF /* Views */,
				7B2CD31222627E88008B15AF /* Supporting Files */,
				7B4BFEE9225C439C00AE0C38 /* Info.plist */,
			);
			path = Todoey;
			sourceTree = "<group>";
		};
/* End PBXGroup section */

/* Begin PBXNativeTarget section */
		7B4BFED9225C439900AE0C38 /* Todoey */ = {
			isa = PBXNativeTarget;
			buildConfigurationList = 7B4BFEEC225C439C00AE0C38 /* Build configuration list for PBXNativeTarget "Todoey" */;
			buildPhases = (
				7B4BFED6225C439900AE0C38 /* Sources */,
				7B4BFED7225C439900AE0C38 /* Frameworks */,
				7B4BFED8225C439900AE0C38 /* Resources */,
			);
			buildRules = (
			);
			dependencies = (
			);
			name = Todoey;
			productName = Todoey;
			productReference = 7B4BFEDA225C439900AE0C38 /* Todoey.app */;
			productType = "com.apple.product-type.application";
		};
/* End PBXNativeTarget section */

/* Begin PBXProject section */
		7B4BFED2225C439900AE0C38 /* Project object */ = {
			isa = PBXProject;
			attributes = {
				LastSwiftUpdateCheck = 1020;
				LastUpgradeCheck = 1020;
				ORGANIZATIONNAME = Sam;
				TargetAttributes = {
					7B4BFED9225C439900AE0C38 = {
						CreatedOnToolsVersion = 10.2;
					};
				};
			};
			buildConfigurationList = 7B4BFED5225C439900AE0C38 /* Build configuration list for PBXProject "Todoey" */;
			compatibilityVersion = "Xcode 9.3";
			developmentRegion = en;
			hasScannedForEncodings = 0;
			knownRegions = (
				en,
				Base,
			);
			mainGroup = 7B4BFED1225C439900AE0C38;
			productRefGroup = 7B4BFEDB225C439900AE0C38 /* Products */;
			projectDirPath = "";
			projectRoot = "";
			targets = (
				7B4BFED9225C439900AE0C38 /* Todoey */,
			);
		};
/* End PBXProject section */

/* Begin PBXResourcesBuildPhase section */
		7B4BFED8225C439900AE0C38 /* Resources */ = {
			isa = PBXResourcesBuildPhase;
			buildActionMask = 2147483647;
			files = (
				7B4BFEE8225C439C00AE0C38 /* LaunchScreen.storyboard in Resources */,
				7B4BFEE5225C439C00AE0C38 /* Assets.xcassets in Resources */,
				7B4BFEE3225C439900AE0C38 /* Main.storyboard in Resources */,
			);
			runOnlyForDeploymentPostprocessing = 0;
		};
/* End PBXResourcesBuildPhase section */

/* Begin PBXSourcesBuildPhase section */
		7B4BFED6225C439900AE0C38 /* Sources */ = {
			isa = PBXSourcesBuildPhase;
			buildActionMask = 2147483647;
			files = (
				7BB4232222762E1E00229C64 /* CategoryViewController.swift in Sources */,
				7B4BFEE0225C439900AE0C38 /* TodoListViewController.swift in Sources */,
				7BB079D32266CDF600D055AF /* DataModel.xcdatamodeld in Sources */,
				7B4BFEDE225C439900AE0C38 /* AppDelegate.swift in Sources */,
			);
			runOnlyForDeploymentPostprocessing = 0;
		};
/* End PBXSourcesBuildPhase section */

/* Begin PBXVariantGroup section */
		7B4BFEE1225C439900AE0C38 /* Main.storyboard */ = {
			isa = PBXVariantGroup;
			children = (
				7B4BFEE2225C439900AE0C38 /* Base */,
			);
			name = Main.storyboard;
			sourceTree = "<group>";
		};
		7B4BFEE6225C439C00AE0C38 /* LaunchScreen.storyboard */ = {
			isa = PBXVariantGroup;
			children = (
				7B4BFEE7225C439C00AE0C38 /* Base */,
			);
			name = LaunchScreen.storyboard;
			sourceTree = "<group>";
		};
/* End PBXVariantGroup section */

/* Begin XCBuildConfiguration section */
		7B4BFEEA225C439C00AE0C38 /* Debug */ = {
			isa = XCBuildConfiguration;
			buildSettings = {
				ALWAYS_SEARCH_USER_PATHS = NO;
				CLANG_ANALYZER_NONNULL = YES;
				CLANG_ANALYZER_NUMBER_OBJECT_CONVERSION = YES_AGGRESSIVE;
				CLANG_CXX_LANGUAGE_STANDARD = "gnu++14";
				CLANG_CXX_LIBRARY = "libc++";
				CLANG_ENABLE_MODULES = YES;
				CLANG_ENABLE_OBJC_ARC = YES;
				CLANG_ENABLE_OBJC_WEAK = YES;
				CLANG_WARN_BLOCK_CAPTURE_AUTORELEASING = YES;
				CLANG_WARN_BOOL_CONVERSION = YES;
				CLANG_WARN_COMMA = YES;
				CLANG_WARN_CONSTANT_CONVERSION = YES;
				CLANG_WARN_DEPRECATED_OBJC_IMPLEMENTATIONS = YES;
				CLANG_WARN_DIRECT_OBJC_ISA_USAGE = YES_ERROR;
				CLANG_WARN_DOCUMENTATION_COMMENTS = YES;
				CLANG_WARN_EMPTY_BODY = YES;
				CLANG_WARN_ENUM_CONVERSION = YES;
				CLANG_WARN_INFINITE_RECURSION = YES;
				CLANG_WARN_INT_CONVERSION = YES;
				CLANG_WARN_NON_LITERAL_NULL_CONVERSION = YES;
				CLANG_WARN_OBJC_IMPLICIT_RETAIN_SELF = YES;
				CLANG_WARN_OBJC_LITERAL_CONVERSION = YES;
				CLANG_WARN_OBJC_ROOT_CLASS = YES_ERROR;
				CLANG_WARN_RANGE_LOOP_ANALYSIS = YES;
				CLANG_WARN_STRICT_PROTOTYPES = YES;
				CLANG_WARN_SUSPICIOUS_MOVE = YES;
				CLANG_WARN_UNGUARDED_AVAILABILITY = YES_AGGRESSIVE;
				CLANG_WARN_UNREACHABLE_CODE = YES;
				CLANG_WARN__DUPLICATE_METHOD_MATCH = YES;
				CODE_SIGN_IDENTITY = "iPhone Developer";
				COPY_PHASE_STRIP = NO;
				DEBUG_INFORMATION_FORMAT = dwarf;
				ENABLE_STRICT_OBJC_MSGSEND = YES;
				ENABLE_TESTABILITY = YES;
				GCC_C_LANGUAGE_STANDARD = gnu11;
				GCC_DYNAMIC_NO_PIC = NO;
				GCC_NO_COMMON_BLOCKS = YES;
				GCC_OPTIMIZATION_LEVEL = 0;
				GCC_PREPROCESSOR_DEFINITIONS = (
					"DEBUG=1",
					"$(inherited)",
				);
				GCC_WARN_64_TO_32_BIT_CONVERSION = YES;
				GCC_WARN_ABOUT_RETURN_TYPE = YES_ERROR;
				GCC_WARN_UNDECLARED_SELECTOR = YES;
				GCC_WARN_UNINITIALIZED_AUTOS = YES_AGGRESSIVE;
				GCC_WARN_UNUSED_FUNCTION = YES;
				GCC_WARN_UNUSED_VARIABLE = YES;
				IPHONEOS_DEPLOYMENT_TARGET = 12.2;
				MTL_ENABLE_DEBUG_INFO = INCLUDE_SOURCE;
				MTL_FAST_MATH = YES;
				ONLY_ACTIVE_ARCH = YES;
				SDKROOT = iphoneos;
				SWIFT_ACTIVE_COMPILATION_CONDITIONS = DEBUG;
				SWIFT_OPTIMIZATION_LEVEL = "-Onone";
			};
			name = Debug;
		};
		7B4BFEEB225C439C00AE0C38 /* Release */ = {
			isa = XCBuildConfiguration;
			buildSettings = {
				ALWAYS_SEARCH_USER_PATHS = NO;
				CLANG_ANALYZER_NONNULL = YES;
				CLANG_ANALYZER_NUMBER_OBJECT_CONVERSION = YES_AGGRESSIVE;
				CLANG_CXX_LANGUAGE_STANDARD = "gnu++14";
				CLANG_CXX_LIBRARY = "libc++";
				CLANG_ENABLE_MODULES = YES;
				CLANG_ENABLE_OBJC_ARC = YES;
				CLANG_ENABLE_OBJC_WEAK = YES;
				CLANG_WARN_BLOCK_CAPTURE_AUTORELEASING = YES;
				CLANG_WARN_BOOL_CONVERSION = YES;
				CLANG_WARN_COMMA = YES;
				CLANG_WARN_CONSTANT_CONVERSION = YES;
				CLANG_WARN_DEPRECATED_OBJC_IMPLEMENTATIONS = YES;
				CLANG_WARN_DIRECT_OBJC_ISA_USAGE = YES_ERROR;
				CLANG_WARN_DOCUMENTATION_COMMENTS = YES;
				CLANG_WARN_EMPTY_BODY = YES;
				CLANG_WARN_ENUM_CONVERSION = YES;
				CLANG_WARN_INFINITE_RECURSION = YES;
				CLANG_WARN_INT_CONVERSION = YES;
				CLANG_WARN_NON_LITERAL_NULL_CONVERSION = YES;
				CLANG_WARN_OBJC_IMPLICIT_RETAIN_SELF = YES;
				CLANG_WARN_OBJC_LITERAL_CONVERSION = YES;
				CLANG_WARN_OBJC_ROOT_CLASS = YES_ERROR;
				CLANG_WARN_RANGE_LOOP_ANALYSIS = YES;
				CLANG_WARN_STRICT_PROTOTYPES = YES;
				CLANG_WARN_SUSPICIOUS_MOVE = YES;
				CLANG_WARN_UNGUARDED_AVAILABILITY = YES_AGGRESSIVE;
				CLANG_WARN_UNREACHABLE_CODE = YES;
				CLANG_WARN__DUPLICATE_METHOD_MATCH = YES;
				CODE_SIGN_IDENTITY = "iPhone Developer";
				COPY_PHASE_STRIP = NO;
				DEBUG_INFORMATION_FORMAT = "dwarf-with-dsym";
				ENABLE_NS_ASSERTIONS = NO;
				ENABLE_STRICT_OBJC_MSGSEND = YES;
				GCC_C_LANGUAGE_STANDARD = gnu11;
				GCC_NO_COMMON_BLOCKS = YES;
				GCC_WARN_64_TO_32_BIT_CONVERSION = YES;
				GCC_WARN_ABOUT_RETURN_TYPE = YES_ERROR;
				GCC_WARN_UNDECLARED_SELECTOR = YES;
				GCC_WARN_UNINITIALIZED_AUTOS = YES_AGGRESSIVE;
				GCC_WARN_UNUSED_FUNCTION = YES;
				GCC_WARN_UNUSED_VARIABLE = YES;
				IPHONEOS_DEPLOYMENT_TARGET = 12.2;
				MTL_ENABLE_DEBUG_INFO = NO;
				MTL_FAST_MATH = YES;
				SDKROOT = iphoneos;
				SWIFT_COMPILATION_MODE = wholemodule;
				SWIFT_OPTIMIZATION_LEVEL = "-O";
				VALIDATE_PRODUCT = YES;
			};
			name = Release;
		};
		7B4BFEED225C439C00AE0C38 /* Debug */ = {
			isa = XCBuildConfiguration;
			buildSettings = {
				ASSETCATALOG_COMPILER_APPICON_NAME = AppIcon;
				CODE_SIGN_STYLE = Automatic;
				DEVELOPMENT_TEAM = L24TP8WC3G;
				INFOPLIST_FILE = Todoey/Info.plist;
				LD_RUNPATH_SEARCH_PATHS = (
					"$(inherited)",
					"@executable_path/Frameworks",
				);
				PRODUCT_BUNDLE_IDENTIFIER = com.sammmy.Todoey;
				PRODUCT_NAME = "$(TARGET_NAME)";
				SWIFT_VERSION = 5.0;
				TARGETED_DEVICE_FAMILY = "1,2";
			};
			name = Debug;
		};
		7B4BFEEE225C439C00AE0C38 /* Release */ = {
			isa = XCBuildConfiguration;
			buildSettings = {
				ASSETCATALOG_COMPILER_APPICON_NAME = AppIcon;
				CODE_SIGN_STYLE = Automatic;
				DEVELOPMENT_TEAM = L24TP8WC3G;
				INFOPLIST_FILE = Todoey/Info.plist;
				LD_RUNPATH_SEARCH_PATHS = (
					"$(inherited)",
					"@executable_path/Frameworks",
				);
				PRODUCT_BUNDLE_IDENTIFIER = com.sammmy.Todoey;
				PRODUCT_NAME = "$(TARGET_NAME)";
				SWIFT_VERSION = 5.0;
				TARGETED_DEVICE_FAMILY = "1,2";
			};
			name = Release;
		};
/* End XCBuildConfiguration section */

/* Begin XCConfigurationList section */
		7B4BFED5225C439900AE0C38 /* Build configuration list for PBXProject "Todoey" */ = {
			isa = XCConfigurationList;
			buildConfigurations = (
				7B4BFEEA225C439C00AE0C38 /* Debug */,
				7B4BFEEB225C439C00AE0C38 /* Release */,
			);
			defaultConfigurationIsVisible = 0;
			defaultConfigurationName = Release;
		};
		7B4BFEEC225C439C00AE0C38 /* Build configuration list for PBXNativeTarget "Todoey" */ = {
			isa = XCConfigurationList;
			buildConfigurations = (
				7B4BFEED225C439C00AE0C38 /* Debug */,
				7B4BFEEE225C439C00AE0C38 /* Release */,
			);
			defaultConfigurationIsVisible = 0;
			defaultConfigurationName = Release;
		};
/* End XCConfigurationList section */

/* Begin XCVersionGroup section */
		7BB079D12266CDF500D055AF /* DataModel.xcdatamodeld */ = {
			isa = XCVersionGroup;
			children = (
				7BB079D22266CDF600D055AF /* DataModel.xcdatamodel */,
			);
			currentVersion = 7BB079D22266CDF600D055AF /* DataModel.xcdatamodel */;
			path = DataModel.xcdatamodeld;
			sourceTree = "<group>";
			versionGroupType = wrapper.xcdatamodel;
		};
/* End XCVersionGroup section */
	};
	rootObject = 7B4BFED2225C439900AE0C38 /* Project object */;
}
